{
  "name": "automail-autocaller",
  "version": "0.1.0",
  "lockfileVersion": 3,
  "requires": true,
  "packages": {
    "": {
      "name": "automail-autocaller",
      "version": "0.1.0",
      "dependencies": {
        "@ankitkumar131/mycode-ai": "^3.0.0"
      },
      "engines": {
        "node": ">=20.0.0"
      }
    },
    "node_modules/@ankitkumar131/mycode-ai": {
      "version": "3.0.0",
      "resolved": "https://registry.npmjs.org/@ankitkumar131/mycode-ai/-/mycode-ai-3.0.0.tgz",
      "integrity": "sha512-LS1J7qTUFyPo7xU+YrO7KciBgzE//nvDCKwS/Pmhop4Ka5wIMi6tMnTzARgC+7mzvVq7tjcIQQRaV7kBipTtNw==",
      "license": "MIT",
      "workspaces": [
        "packages/cli",
        "packages/core",
        "packages/sdk",
        "packages/a2a-server",
        "packages/devtools",
        "packages/test-utils"
      ],
      "dependencies": {
        "@ankitkumar131/mycode-ai": "^1.0.10"
      },
      "bin": {
        "mycode": "bin/mycode.js"
      },
      "engines": {
        "node": ">=20.0.0"
      }
    },
    "node_modules/@ankitkumar131/mycode-ai/node_modules/@ankitkumar131/mycode-ai": {
      "version": "1.0.10",
      "resolved": "https://registry.npmjs.org/@ankitkumar131/mycode-ai/-/mycode-ai-1.0.10.tgz",
      "integrity": "sha512-CRwC78WcUXlDDo8AKD9TiW4q9kXfWdcDBikOg2x0wALVr06ZsGbvWgLA7WcfIe36tqGCYr3l48Q9v4LtGztsmA==",
      "license": "MIT",
      "workspaces": [
        "packages/cli",
        "packages/core",
        "packages/sdk",
        "packages/a2a-server",
        "packages/devtools",
        "packages/test-utils"
      ],
      "dependencies": {
        "@ankitkumar131/mycode-ai": "^1.0.1"
      },
      "bin": {
        "mycode": "bin/mycode.js"
      },
      "engines": {
        "node": ">=20.0.0"
      }
    }
  }
}
